
Microsoft Visual Studio Solution File, Format Version 12.00
# Visual Studio Version 16
VisualStudioVersion = 16.0.29519.87
MinimumVisualStudioVersion = 10.0.40219.1
Project("{9A19103F-16F7-4668-BE54-9A1E7A4F7556}") = "ArtigoXUnitTestes.Domain", "ArtigoXUnitTestes.Domain\ArtigoXUnitTestes.Domain.csproj", "{454FB5A4-EFB6-4A9A-BDDF-BFDD3179F2E4}"
EndProject
Project("{9A19103F-16F7-4668-BE54-9A1E7A4F7556}") = "ArtigoXUnitTestes.UnitTests", "ArtigoXUnitTestes.UnitTests\ArtigoXUnitTestes.UnitTests.csproj", "{0841D608-56D0-45E2-B884-D3B25AC273E5}"
EndProject
Project("{FAE04EC0-301F-11D3-BF4B-00C04F79EFBC}") = "ArtigoXUnitTestes.Infrastructure", "ArtigoXUnitTestes.Infrastructure\ArtigoXUnitTestes.Infrastructure.csproj", "{F9B2488D-E091-4125-A65D-AD5953C5384A}"
EndProject
Project("{FAE04EC0-301F-11D3-BF4B-00C04F79EFBC}") = "ArtigoXUnitTestes.Application", "ArtigoXUnitTestes.Application\ArtigoXUnitTestes.Application.csproj", "{E4D6298A-7FE8-424B-A4D6-8DB2BEA9B3BC}"
EndProject
Global
	GlobalSection(SolutionConfigurationPlatforms) = preSolution
		Debug|Any CPU = Debug|Any CPU
		Release|Any CPU = Release|Any CPU
	EndGlobalSection
	GlobalSection(ProjectConfigurationPlatforms) = postSolution
		{454FB5A4-EFB6-4A9A-BDDF-BFDD3179F2E4}.Debug|Any CPU.ActiveCfg = Debug|Any CPU
		{454FB5A4-EFB6-4A9A-BDDF-BFDD3179F2E4}.Debug|Any CPU.Build.0 = Debug|Any CPU
		{454FB5A4-EFB6-4A9A-BDDF-BFDD3179F2E4}.Release|Any CPU.ActiveCfg = Release|Any CPU
		{454FB5A4-EFB6-4A9A-BDDF-BFDD3179F2E4}.Release|Any CPU.Build.0 = Release|Any CPU
		{0841D608-56D0-45E2-B884-D3B25AC273E5}.Debug|Any CPU.ActiveCfg = Debug|Any CPU
		{0841D608-56D0-45E2-B884-D3B25AC273E5}.Debug|Any CPU.Build.0 = Debug|Any CPU
		{0841D608-56D0-45E2-B884-D3B25AC273E5}.Release|Any CPU.ActiveCfg = Release|Any CPU
		{0841D608-56D0-45E2-B884-D3B25AC273E5}.Release|Any CPU.Build.0 = Release|Any CPU
		{F9B2488D-E091-4125-A65D-AD5953C5384A}.Debug|Any CPU.ActiveCfg = Debug|Any CPU
		{F9B2488D-E091-4125-A65D-AD5953C5384A}.Debug|Any CPU.Build.0 = Debug|Any CPU
		{F9B2488D-E091-4125-A65D-AD5953C5384A}.Release|Any CPU.ActiveCfg = Release|Any CPU
		{F9B2488D-E091-4125-A65D-AD5953C5384A}.Release|Any CPU.Build.0 = Release|Any CPU
		{E4D6298A-7FE8-424B-A4D6-8DB2BEA9B3BC}.Debug|Any CPU.ActiveCfg = Debug|Any CPU
		{E4D6298A-7FE8-424B-A4D6-8DB2BEA9B3BC}.Debug|Any CPU.Build.0 = Debug|Any CPU
		{E4D6298A-7FE8-424B-A4D6-8DB2BEA9B3BC}.Release|Any CPU.ActiveCfg = Release|Any CPU
		{E4D6298A-7FE8-424B-A4D6-8DB2BEA9B3BC}.Release|Any CPU.Build.0 = Release|Any CPU
	EndGlobalSection
	GlobalSection(SolutionProperties) = preSolution
		HideSolutionNode = FALSE
	EndGlobalSection
	GlobalSection(ExtensibilityGlobals) = postSolution
		SolutionGuid = {CEEE9ABD-1580-4DA5-9B49-25CFAA253232}
	EndGlobalSection
EndGlobal
